
Microsoft Visual Studio Solution File, Format Version 12.00
# Visual Studio Version 16
VisualStudioVersion = 16.0.31424.327
MinimumVisualStudioVersion = 10.0.40219.1
Project("{9A19103F-16F7-4668-BE54-9A1E7A4F7556}") = "ECommerceApi.Products", "ECommerceApi.Products\ECommerceApi.Products.csproj", "{97CEB6F1-7A22-4B5B-9DEA-E6687F9CCF54}"
EndProject
Project("{9A19103F-16F7-4668-BE54-9A1E7A4F7556}") = "ECommerceApi.Orders", "ECommerceApi.Orders\ECommerceApi.Orders.csproj", "{5EADC9DA-A91C-4F0B-9B6C-A33AD5774548}"
EndProject
Project("{9A19103F-16F7-4668-BE54-9A1E7A4F7556}") = "ECommerceApi.Customers", "ECommerceApi.Customers\ECommerceApi.Customers.csproj", "{0670D1EA-4B31-4901-A4C2-3C2055ED73AE}"
EndProject
Project("{9A19103F-16F7-4668-BE54-9A1E7A4F7556}") = "ECommerceApi.Serach", "ECommerceApi.Serach\ECommerceApi.Serach.csproj", "{BE8D97A5-BB82-4A7E-BB3D-54CE5D13160A}"
EndProject
Project("{9A19103F-16F7-4668-BE54-9A1E7A4F7556}") = "ECommmerce.Api.Products.Test", "ECommmerce.Api.Products.Test\ECommmerce.Api.Products.Test.csproj", "{8B87C044-FCBB-462E-ACB7-99ED5B027543}"
EndProject
Project("{E53339B2-1760-4266-BCC7-CA923CBCF16C}") = "docker-compose", "docker-compose.dcproj", "{8A2C21C5-A303-4C3A-97FC-23BCEB049588}"
EndProject
Global
	GlobalSection(SolutionConfigurationPlatforms) = preSolution
		Debug|Any CPU = Debug|Any CPU
		Release|Any CPU = Release|Any CPU
	EndGlobalSection
	GlobalSection(ProjectConfigurationPlatforms) = postSolution
		{97CEB6F1-7A22-4B5B-9DEA-E6687F9CCF54}.Debug|Any CPU.ActiveCfg = Debug|Any CPU
		{97CEB6F1-7A22-4B5B-9DEA-E6687F9CCF54}.Debug|Any CPU.Build.0 = Debug|Any CPU
		{97CEB6F1-7A22-4B5B-9DEA-E6687F9CCF54}.Release|Any CPU.ActiveCfg = Release|Any CPU
		{97CEB6F1-7A22-4B5B-9DEA-E6687F9CCF54}.Release|Any CPU.Build.0 = Release|Any CPU
		{5EADC9DA-A91C-4F0B-9B6C-A33AD5774548}.Debug|Any CPU.ActiveCfg = Debug|Any CPU
		{5EADC9DA-A91C-4F0B-9B6C-A33AD5774548}.Debug|Any CPU.Build.0 = Debug|Any CPU
		{5EADC9DA-A91C-4F0B-9B6C-A33AD5774548}.Release|Any CPU.ActiveCfg = Release|Any CPU
		{5EADC9DA-A91C-4F0B-9B6C-A33AD5774548}.Release|Any CPU.Build.0 = Release|Any CPU
		{0670D1EA-4B31-4901-A4C2-3C2055ED73AE}.Debug|Any CPU.ActiveCfg = Debug|Any CPU
		{0670D1EA-4B31-4901-A4C2-3C2055ED73AE}.Debug|Any CPU.Build.0 = Debug|Any CPU
		{0670D1EA-4B31-4901-A4C2-3C2055ED73AE}.Release|Any CPU.ActiveCfg = Release|Any CPU
		{0670D1EA-4B31-4901-A4C2-3C2055ED73AE}.Release|Any CPU.Build.0 = Release|Any CPU
		{BE8D97A5-BB82-4A7E-BB3D-54CE5D13160A}.Debug|Any CPU.ActiveCfg = Debug|Any CPU
		{BE8D97A5-BB82-4A7E-BB3D-54CE5D13160A}.Debug|Any CPU.Build.0 = Debug|Any CPU
		{BE8D97A5-BB82-4A7E-BB3D-54CE5D13160A}.Release|Any CPU.ActiveCfg = Release|Any CPU
		{BE8D97A5-BB82-4A7E-BB3D-54CE5D13160A}.Release|Any CPU.Build.0 = Release|Any CPU
		{8B87C044-FCBB-462E-ACB7-99ED5B027543}.Debug|Any CPU.ActiveCfg = Debug|Any CPU
		{8B87C044-FCBB-462E-ACB7-99ED5B027543}.Debug|Any CPU.Build.0 = Debug|Any CPU
		{8B87C044-FCBB-462E-ACB7-99ED5B027543}.Release|Any CPU.ActiveCfg = Release|Any CPU
		{8B87C044-FCBB-462E-ACB7-99ED5B027543}.Release|Any CPU.Build.0 = Release|Any CPU
		{8A2C21C5-A303-4C3A-97FC-23BCEB049588}.Debug|Any CPU.ActiveCfg = Debug|Any CPU
		{8A2C21C5-A303-4C3A-97FC-23BCEB049588}.Debug|Any CPU.Build.0 = Debug|Any CPU
		{8A2C21C5-A303-4C3A-97FC-23BCEB049588}.Release|Any CPU.ActiveCfg = Release|Any CPU
		{8A2C21C5-A303-4C3A-97FC-23BCEB049588}.Release|Any CPU.Build.0 = Release|Any CPU
	EndGlobalSection
	GlobalSection(SolutionProperties) = preSolution
		HideSolutionNode = FALSE
	EndGlobalSection
	GlobalSection(ExtensibilityGlobals) = postSolution
		SolutionGuid = {679EB0C4-336C-4D92-B984-CF9E1CC12FBE}
	EndGlobalSection
EndGlobal
